
Microsoft Visual Studio Solution File, Format Version 12.00
# Visual Studio Version 17
VisualStudioVersion = 17.0.31903.59
MinimumVisualStudioVersion = 10.0.40219.1
Project("{2150E333-8FDC-42A3-9474-1A3956D46DE8}") = "src", "src", "{DB402DB9-132E-4FD0-9F6C-DE20C5EB01FD}"
EndProject
Project("{FAE04EC0-301F-11D3-BF4B-00C04F79EFBC}") = "Spreek", "src\Spreek\Spreek.csproj", "{3B9612D6-49B4-41D5-93CE-F87AC3BAE2AA}"
EndProject
Project("{2150E333-8FDC-42A3-9474-1A3956D46DE8}") = "tests", "tests", "{6B2C5A17-ADBC-4D91-A10D-31EEBE7E7F71}"
EndProject
Project("{FAE04EC0-301F-11D3-BF4B-00C04F79EFBC}") = "Spreek.Tests", "tests\Spreek.Tests\Spreek.Tests.csproj", "{F065E352-D45B-4A04-B560-30F0720DA538}"
EndProject
Project("{FAE04EC0-301F-11D3-BF4B-00C04F79EFBC}") = "Spreek.Diagnostics", "src\Spreek.Diagnostics\Spreek.Diagnostics.csproj", "{D7DB3EA0-65C3-4B7D-A4EE-C4ADD6C38607}"
EndProject
Global
	GlobalSection(SolutionConfigurationPlatforms) = preSolution
		Debug|Any CPU = Debug|Any CPU
		Release|Any CPU = Release|Any CPU
	EndGlobalSection
	GlobalSection(SolutionProperties) = preSolution
		HideSolutionNode = FALSE
	EndGlobalSection
	GlobalSection(ProjectConfigurationPlatforms) = postSolution
		{3B9612D6-49B4-41D5-93CE-F87AC3BAE2AA}.Debug|Any CPU.ActiveCfg = Debug|Any CPU
		{3B9612D6-49B4-41D5-93CE-F87AC3BAE2AA}.Debug|Any CPU.Build.0 = Debug|Any CPU
		{3B9612D6-49B4-41D5-93CE-F87AC3BAE2AA}.Release|Any CPU.ActiveCfg = Release|Any CPU
		{3B9612D6-49B4-41D5-93CE-F87AC3BAE2AA}.Release|Any CPU.Build.0 = Release|Any CPU
		{F065E352-D45B-4A04-B560-30F0720DA538}.Debug|Any CPU.ActiveCfg = Debug|Any CPU
		{F065E352-D45B-4A04-B560-30F0720DA538}.Debug|Any CPU.Build.0 = Debug|Any CPU
		{F065E352-D45B-4A04-B560-30F0720DA538}.Release|Any CPU.ActiveCfg = Release|Any CPU
		{F065E352-D45B-4A04-B560-30F0720DA538}.Release|Any CPU.Build.0 = Release|Any CPU
		{D7DB3EA0-65C3-4B7D-A4EE-C4ADD6C38607}.Debug|Any CPU.ActiveCfg = Debug|Any CPU
		{D7DB3EA0-65C3-4B7D-A4EE-C4ADD6C38607}.Debug|Any CPU.Build.0 = Debug|Any CPU
		{D7DB3EA0-65C3-4B7D-A4EE-C4ADD6C38607}.Release|Any CPU.ActiveCfg = Release|Any CPU
		{D7DB3EA0-65C3-4B7D-A4EE-C4ADD6C38607}.Release|Any CPU.Build.0 = Release|Any CPU
	EndGlobalSection
	GlobalSection(NestedProjects) = preSolution
		{3B9612D6-49B4-41D5-93CE-F87AC3BAE2AA} = {DB402DB9-132E-4FD0-9F6C-DE20C5EB01FD}
		{F065E352-D45B-4A04-B560-30F0720DA538} = {6B2C5A17-ADBC-4D91-A10D-31EEBE7E7F71}
		{D7DB3EA0-65C3-4B7D-A4EE-C4ADD6C38607} = {DB402DB9-132E-4FD0-9F6C-DE20C5EB01FD}
	EndGlobalSection
EndGlobal
